
Microsoft Visual Studio Solution File, Format Version 12.00
# Visual Studio 15
VisualStudioVersion = 15.0.27428.2037
MinimumVisualStudioVersion = 10.0.40219.1
Project("{FAE04EC0-301F-11D3-BF4B-00C04F79EFBC}") = "ProgramacionOrientadaObjetosII", "ProgramacionOrientadaObjetosII\ProgramacionOrientadaObjetosII.csproj", "{047F5BF2-2414-48F0-9DF9-88B69664BB32}"
EndProject
Global
	GlobalSection(SolutionConfigurationPlatforms) = preSolution
		Debug|Any CPU = Debug|Any CPU
		Release|Any CPU = Release|Any CPU
	EndGlobalSection
	GlobalSection(ProjectConfigurationPlatforms) = postSolution
		{047F5BF2-2414-48F0-9DF9-88B69664BB32}.Debug|Any CPU.ActiveCfg = Debug|Any CPU
		{047F5BF2-2414-48F0-9DF9-88B69664BB32}.Debug|Any CPU.Build.0 = Debug|Any CPU
		{047F5BF2-2414-48F0-9DF9-88B69664BB32}.Release|Any CPU.ActiveCfg = Release|Any CPU
		{047F5BF2-2414-48F0-9DF9-88B69664BB32}.Release|Any CPU.Build.0 = Release|Any CPU
	EndGlobalSection
	GlobalSection(SolutionProperties) = preSolution
		HideSolutionNode = FALSE
	EndGlobalSection
	GlobalSection(ExtensibilityGlobals) = postSolution
		SolutionGuid = {3FA2CB51-4E06-440F-B1E3-EFE8891BDB9A}
	EndGlobalSection
EndGlobal
